// !$*UTF8*$!
{
	archiveVersion = 1;
	classes = {
	};
	objectVersion = 50;
	objects = {

/* Begin PBXBuildFile section */
		DC70D74D24C29C4F0064612E /* AppDelegate.m in Sources */ = {isa = PBXBuildFile; fileRef = DC70D74C24C29C4F0064612E /* AppDelegate.m */; };
		DC70D75024C29C4F0064612E /* SceneDelegate.m in Sources */ = {isa = PBXBuildFile; fileRef = DC70D74F24C29C4F0064612E /* SceneDelegate.m */; };
		DC70D75324C29C4F0064612E /* ViewController.m in Sources */ = {isa = PBXBuildFile; fileRef = DC70D75224C29C4F0064612E /* ViewController.m */; };
		DC70D75624C29C4F0064612E /* Main.storyboard in Resources */ = {isa = PBXBuildFile; fileRef = DC70D75424C29C4F0064612E /* Main.storyboard */; };
		DC70D75824C29C540064612E /* Assets.xcassets in Resources */ = {isa = PBXBuildFile; fileRef = DC70D75724C29C540064612E /* Assets.xcassets */; };
		DC70D75B24C29C540064612E /* LaunchScreen.storyboard in Resources */ = {isa = PBXBuildFile; fileRef = DC70D75924C29C540064612E /* LaunchScreen.storyboard */; };
		DC70D75E24C29C540064612E /* main.m in Sources */ = {isa = PBXBuildFile; fileRef = DC70D75D24C29C540064612E /* main.m */; };
		DC70D76824C29C540064612E /* CrashSafeToolTests.m in Sources */ = {isa = PBXBuildFile; fileRef = DC70D76724C29C540064612E /* CrashSafeToolTests.m */; };
		DC70D77324C29C550064612E /* CrashSafeToolUITests.m in Sources */ = {isa = PBXBuildFile; fileRef = DC70D77224C29C550064612E /* CrashSafeToolUITests.m */; };
		DCED2F0524C6BFFA00D2810D /* NSSet+HG_ExceptionProtector.m in Sources */ = {isa = PBXBuildFile; fileRef = DCED2EEB24C6BFFA00D2810D /* NSSet+HG_ExceptionProtector.m */; };
		DCED2F0624C6BFFA00D2810D /* NSMutableString+HG_ExceptionProtector.m in Sources */ = {isa = PBXBuildFile; fileRef = DCED2EEC24C6BFFA00D2810D /* NSMutableString+HG_ExceptionProtector.m */; };
		DCED2F0724C6BFFA00D2810D /* NSMutableSet+HG_ExceptionProtector.m in Sources */ = {isa = PBXBuildFile; fileRef = DCED2EED24C6BFFA00D2810D /* NSMutableSet+HG_ExceptionProtector.m */; };
		DCED2F0824C6BFFA00D2810D /* NSDictionary+HG_ExceptionProtector.m in Sources */ = {isa = PBXBuildFile; fileRef = DCED2EF024C6BFFA00D2810D /* NSDictionary+HG_ExceptionProtector.m */; };
		DCED2F0924C6BFFA00D2810D /* NSArray+HG_ExceptionProtector.m in Sources */ = {isa = PBXBuildFile; fileRef = DCED2EF224C6BFFA00D2810D /* NSArray+HG_ExceptionProtector.m */; };
		DCED2F0A24C6BFFA00D2810D /* NSMutableDictionary+HG_ExceptionProtector.m in Sources */ = {isa = PBXBuildFile; fileRef = DCED2EF424C6BFFA00D2810D /* NSMutableDictionary+HG_ExceptionProtector.m */; };
		DCED2F0B24C6BFFA00D2810D /* HGExceptionProtectorManager.m in Sources */ = {isa = PBXBuildFile; fileRef = DCED2EF624C6BFFA00D2810D /* HGExceptionProtectorManager.m */; };
		DCED2F0C24C6BFFA00D2810D /* UIView+HG_ExceptionProtector.m in Sources */ = {isa = PBXBuildFile; fileRef = DCED2EF824C6BFFA00D2810D /* UIView+HG_ExceptionProtector.m */; };
		DCED2F0D24C6BFFA00D2810D /* NSObject+HG_DeallocBlock.m in Sources */ = {isa = PBXBuildFile; fileRef = DCED2EFA24C6BFFA00D2810D /* NSObject+HG_DeallocBlock.m */; };
		DCED2F0E24C6BFFA00D2810D /* NSObject+HG_UnrecoginzedSelProtector.m in Sources */ = {isa = PBXBuildFile; fileRef = DCED2EFC24C6BFFA00D2810D /* NSObject+HG_UnrecoginzedSelProtector.m */; };
		DCED2F0F24C6BFFA00D2810D /* NSMutableArray+HG_ExceptionProtector.m in Sources */ = {isa = PBXBuildFile; fileRef = DCED2EFD24C6BFFA00D2810D /* NSMutableArray+HG_ExceptionProtector.m */; };
		DCED2F1024C6BFFA00D2810D /* NSObject+HG_Swizzling.m in Sources */ = {isa = PBXBuildFile; fileRef = DCED2F0124C6BFFA00D2810D /* NSObject+HG_Swizzling.m */; };
		DCED2F1124C6BFFA00D2810D /* NSString+HG_ExceptionProtector.m in Sources */ = {isa = PBXBuildFile; fileRef = DCED2F0424C6BFFA00D2810D /* NSString+HG_ExceptionProtector.m */; };
/* End PBXBuildFile section */

/* Begin PBXContainerItemProxy section */
		DC70D76424C29C540064612E /* PBXContainerItemProxy */ = {
			isa = PBXContainerItemProxy;
			containerPortal = DC70D74024C29C4F0064612E /* Project object */;
			proxyType = 1;
			remoteGlobalIDString = DC70D74724C29C4F0064612E;
			remoteInfo = CrashSafeTool;
		};
		DC70D76F24C29C550064612E /* PBXContainerItemProxy */ = {
			isa = PBXContainerItemProxy;
			containerPortal = DC70D74024C29C4F0064612E /* Project object */;
			proxyType = 1;
			remoteGlobalIDString = DC70D74724C29C4F0064612E;
			remoteInfo = CrashSafeTool;
		};
/* End PBXContainerItemProxy section */

/* Begin PBXFileReference section */
		DC70D74824C29C4F0064612E /* CrashSafeTool.app */ = {isa = PBXFileReference; explicitFileType = wrapper.application; includeInIndex = 0; path = CrashSafeTool.app; sourceTree = BUILT_PRODUCTS_DIR; };
		DC70D74B24C29C4F0064612E /* AppDelegate.h */ = {isa = PBXFileReference; lastKnownFileType = sourcecode.c.h; path = AppDelegate.h; sourceTree = "<group>"; };
		DC70D74C24C29C4F0064612E /* AppDelegate.m */ = {isa = PBXFileReference; lastKnownFileType = sourcecode.c.objc; path = AppDelegate.m; sourceTree = "<group>"; };
		DC70D74E24C29C4F0064612E /* SceneDelegate.h */ = {isa = PBXFileReference; lastKnownFileType = sourcecode.c.h; path = SceneDelegate.h; sourceTree = "<group>"; };
		DC70D74F24C29C4F0064612E /* SceneDelegate.m */ = {isa = PBXFileReference; lastKnownFileType = sourcecode.c.objc; path = SceneDelegate.m; sourceTree = "<group>"; };
		DC70D75124C29C4F0064612E /* ViewController.h */ = {isa = PBXFileReference; lastKnownFileType = sourcecode.c.h; path = ViewController.h; sourceTree = "<group>"; };
		DC70D75224C29C4F0064612E /* ViewController.m */ = {isa = PBXFileReference; lastKnownFileType = sourcecode.c.objc; path = ViewController.m; sourceTree = "<group>"; };
		DC70D75524C29C4F0064612E /* Base */ = {isa = PBXFileReference; lastKnownFileType = file.storyboard; name = Base; path = Base.lproj/Main.storyboard; sourceTree = "<group>"; };
		DC70D75724C29C540064612E /* Assets.xcassets */ = {isa = PBXFileReference; lastKnownFileType = folder.assetcatalog; path = Assets.xcassets; sourceTree = "<group>"; };
		DC70D75A24C29C540064612E /* Base */ = {isa = PBXFileReference; lastKnownFileType = file.storyboard; name = Base; path = Base.lproj/LaunchScreen.storyboard; sourceTree = "<group>"; };
		DC70D75C24C29C540064612E /* Info.plist */ = {isa = PBXFileReference; lastKnownFileType = text.plist.xml; path = Info.plist; sourceTree = "<group>"; };
		DC70D75D24C29C540064612E /* main.m */ = {isa = PBXFileReference; lastKnownFileType = sourcecode.c.objc; path = main.m; sourceTree = "<group>"; };
		DC70D76324C29C540064612E /* CrashSafeToolTests.xctest */ = {isa = PBXFileReference; explicitFileType = wrapper.cfbundle; includeInIndex = 0; path = CrashSafeToolTests.xctest; sourceTree = BUILT_PRODUCTS_DIR; };
		DC70D76724C29C540064612E /* CrashSafeToolTests.m */ = {isa = PBXFileReference; lastKnownFileType = sourcecode.c.objc; path = CrashSafeToolTests.m; sourceTree = "<group>"; };
		DC70D76924C29C540064612E /* Info.plist */ = {isa = PBXFileReference; lastKnownFileType = text.plist.xml; path = Info.plist; sourceTree = "<group>"; };
		DC70D76E24C29C550064612E /* CrashSafeToolUITests.xctest */ = {isa = PBXFileReference; explicitFileType = wrapper.cfbundle; includeInIndex = 0; path = CrashSafeToolUITests.xctest; sourceTree = BUILT_PRODUCTS_DIR; };
		DC70D77224C29C550064612E /* CrashSafeToolUITests.m */ = {isa = PBXFileReference; lastKnownFileType = sourcecode.c.objc; path = CrashSafeToolUITests.m; sourceTree = "<group>"; };
		DC70D77424C29C550064612E /* Info.plist */ = {isa = PBXFileReference; lastKnownFileType = text.plist.xml; path = Info.plist; sourceTree = "<group>"; };
		DCED2EEA24C6BFFA00D2810D /* UIView+HG_ExceptionProtector.h */ = {isa = PBXFileReference; fileEncoding = 4; lastKnownFileType = sourcecode.c.h; path = "UIView+HG_ExceptionProtector.h"; sourceTree = "<group>"; };
		DCED2EEB24C6BFFA00D2810D /* NSSet+HG_ExceptionProtector.m */ = {isa = PBXFileReference; fileEncoding = 4; lastKnownFileType = sourcecode.c.objc; path = "NSSet+HG_ExceptionProtector.m"; sourceTree = "<group>"; };
		DCED2EEC24C6BFFA00D2810D /* NSMutableString+HG_ExceptionProtector.m */ = {isa = PBXFileReference; fileEncoding = 4; lastKnownFileType = sourcecode.c.objc; path = "NSMutableString+HG_ExceptionProtector.m"; sourceTree = "<group>"; };
		DCED2EED24C6BFFA00D2810D /* NSMutableSet+HG_ExceptionProtector.m */ = {isa = PBXFileReference; fileEncoding = 4; lastKnownFileType = sourcecode.c.objc; path = "NSMutableSet+HG_ExceptionProtector.m"; sourceTree = "<group>"; };
		DCED2EEE24C6BFFA00D2810D /* NSMutableArray+HG_ExceptionProtector.h */ = {isa = PBXFileReference; fileEncoding = 4; lastKnownFileType = sourcecode.c.h; path = "NSMutableArray+HG_ExceptionProtector.h"; sourceTree = "<group>"; };
		DCED2EEF24C6BFFA00D2810D /* NSObject+HG_UnrecoginzedSelProtector.h */ = {isa = PBXFileReference; fileEncoding = 4; lastKnownFileType = sourcecode.c.h; path = "NSObject+HG_UnrecoginzedSelProtector.h"; sourceTree = "<group>"; };
		DCED2EF024C6BFFA00D2810D /* NSDictionary+HG_ExceptionProtector.m */ = {isa = PBXFileReference; fileEncoding = 4; lastKnownFileType = sourcecode.c.objc; path = "NSDictionary+HG_ExceptionProtector.m"; sourceTree = "<group>"; };
		DCED2EF124C6BFFA00D2810D /* NSObject+HG_DeallocBlock.h */ = {isa = PBXFileReference; fileEncoding = 4; lastKnownFileType = sourcecode.c.h; path = "NSObject+HG_DeallocBlock.h"; sourceTree = "<group>"; };
		DCED2EF224C6BFFA00D2810D /* NSArray+HG_ExceptionProtector.m */ = {isa = PBXFileReference; fileEncoding = 4; lastKnownFileType = sourcecode.c.objc; path = "NSArray+HG_ExceptionProtector.m"; sourceTree = "<group>"; };
		DCED2EF324C6BFFA00D2810D /* NSObject+HG_Swizzling.h */ = {isa = PBXFileReference; fileEncoding = 4; lastKnownFileType = sourcecode.c.h; path = "NSObject+HG_Swizzling.h"; sourceTree = "<group>"; };
		DCED2EF424C6BFFA00D2810D /* NSMutableDictionary+HG_ExceptionProtector.m */ = {isa = PBXFileReference; fileEncoding = 4; lastKnownFileType = sourcecode.c.objc; path = "NSMutableDictionary+HG_ExceptionProtector.m"; sourceTree = "<group>"; };
		DCED2EF524C6BFFA00D2810D /* NSString+HG_ExceptionProtector.h */ = {isa = PBXFileReference; fileEncoding = 4; lastKnownFileType = sourcecode.c.h; path = "NSString+HG_ExceptionProtector.h"; sourceTree = "<group>"; };
		DCED2EF624C6BFFA00D2810D /* HGExceptionProtectorManager.m */ = {isa = PBXFileReference; fileEncoding = 4; lastKnownFileType = sourcecode.c.objc; path = HGExceptionProtectorManager.m; sourceTree = "<group>"; };
		DCED2EF724C6BFFA00D2810D /* NSSet+HG_ExceptionProtector.h */ = {isa = PBXFileReference; fileEncoding = 4; lastKnownFileType = sourcecode.c.h; path = "NSSet+HG_ExceptionProtector.h"; sourceTree = "<group>"; };
		DCED2EF824C6BFFA00D2810D /* UIView+HG_ExceptionProtector.m */ = {isa = PBXFileReference; fileEncoding = 4; lastKnownFileType = sourcecode.c.objc; path = "UIView+HG_ExceptionProtector.m"; sourceTree = "<group>"; };
		DCED2EF924C6BFFA00D2810D /* HG_CrashProtectorProtocol.h */ = {isa = PBXFileReference; fileEncoding = 4; lastKnownFileType = sourcecode.c.h; path = HG_CrashProtectorProtocol.h; sourceTree = "<group>"; };
		DCED2EFA24C6BFFA00D2810D /* NSObject+HG_DeallocBlock.m */ = {isa = PBXFileReference; fileEncoding = 4; lastKnownFileType = sourcecode.c.objc; path = "NSObject+HG_DeallocBlock.m"; sourceTree = "<group>"; };
		DCED2EFB24C6BFFA00D2810D /* NSDictionary+HG_ExceptionProtector.h */ = {isa = PBXFileReference; fileEncoding = 4; lastKnownFileType = sourcecode.c.h; path = "NSDictionary+HG_ExceptionProtector.h"; sourceTree = "<group>"; };
		DCED2EFC24C6BFFA00D2810D /* NSObject+HG_UnrecoginzedSelProtector.m */ = {isa = PBXFileReference; fileEncoding = 4; lastKnownFileType = sourcecode.c.objc; path = "NSObject+HG_UnrecoginzedSelProtector.m"; sourceTree = "<group>"; };
		DCED2EFD24C6BFFA00D2810D /* NSMutableArray+HG_ExceptionProtector.m */ = {isa = PBXFileReference; fileEncoding = 4; lastKnownFileType = sourcecode.c.objc; path = "NSMutableArray+HG_ExceptionProtector.m"; sourceTree = "<group>"; };
		DCED2EFE24C6BFFA00D2810D /* NSMutableSet+HG_ExceptionProtector.h */ = {isa = PBXFileReference; fileEncoding = 4; lastKnownFileType = sourcecode.c.h; path = "NSMutableSet+HG_ExceptionProtector.h"; sourceTree = "<group>"; };
		DCED2EFF24C6BFFA00D2810D /* NSMutableString+HG_ExceptionProtector.h */ = {isa = PBXFileReference; fileEncoding = 4; lastKnownFileType = sourcecode.c.h; path = "NSMutableString+HG_ExceptionProtector.h"; sourceTree = "<group>"; };
		DCED2F0024C6BFFA00D2810D /* NSArray+HG_ExceptionProtector.h */ = {isa = PBXFileReference; fileEncoding = 4; lastKnownFileType = sourcecode.c.h; path = "NSArray+HG_ExceptionProtector.h"; sourceTree = "<group>"; };
		DCED2F0124C6BFFA00D2810D /* NSObject+HG_Swizzling.m */ = {isa = PBXFileReference; fileEncoding = 4; lastKnownFileType = sourcecode.c.objc; path = "NSObject+HG_Swizzling.m"; sourceTree = "<group>"; };
		DCED2F0224C6BFFA00D2810D /* HGExceptionProtectorManager.h */ = {isa = PBXFileReference; fileEncoding = 4; lastKnownFileType = sourcecode.c.h; path = HGExceptionProtectorManager.h; sourceTree = "<group>"; };
		DCED2F0324C6BFFA00D2810D /* NSMutableDictionary+HG_ExceptionProtector.h */ = {isa = PBXFileReference; fileEncoding = 4; lastKnownFileType = sourcecode.c.h; path = "NSMutableDictionary+HG_ExceptionProtector.h"; sourceTree = "<group>"; };
		DCED2F0424C6BFFA00D2810D /* NSString+HG_ExceptionProtector.m */ = {isa = PBXFileReference; fileEncoding = 4; lastKnownFileType = sourcecode.c.objc; path = "NSString+HG_ExceptionProtector.m"; sourceTree = "<group>"; };
/* End PBXFileReference section */

/* Begin PBXFrameworksBuildPhase section */
		DC70D74524C29C4F0064612E /* Frameworks */ = {
			isa = PBXFrameworksBuildPhase;
			buildActionMask = 2147483647;
			files = (
			);
			runOnlyForDeploymentPostprocessing = 0;
		};
		DC70D76024C29C540064612E /* Frameworks */ = {
			isa = PBXFrameworksBuildPhase;
			buildActionMask = 2147483647;
			files = (
			);
			runOnlyForDeploymentPostprocessing = 0;
		};
		DC70D76B24C29C550064612E /* Frameworks */ = {
			isa = PBXFrameworksBuildPhase;
			buildActionMask = 2147483647;
			files = (
			);
			runOnlyForDeploymentPostprocessing = 0;
		};
/* End PBXFrameworksBuildPhase section */

/* Begin PBXGroup section */
		DC70D73F24C29C4F0064612E = {
			isa = PBXGroup;
			children = (
				DC70D74A24C29C4F0064612E /* CrashSafeTool */,
				DC70D76624C29C540064612E /* CrashSafeToolTests */,
				DC70D77124C29C550064612E /* CrashSafeToolUITests */,
				DC70D74924C29C4F0064612E /* Products */,
			);
			sourceTree = "<group>";
		};
		DC70D74924C29C4F0064612E /* Products */ = {
			isa = PBXGroup;
			children = (
				DC70D74824C29C4F0064612E /* CrashSafeTool.app */,
				DC70D76324C29C540064612E /* CrashSafeToolTests.xctest */,
				DC70D76E24C29C550064612E /* CrashSafeToolUITests.xctest */,
			);
			name = Products;
			sourceTree = "<group>";
		};
		DC70D74A24C29C4F0064612E /* CrashSafeTool */ = {
			isa = PBXGroup;
			children = (
				DCED2EE924C6BFFA00D2810D /* Class */,
				DC70D74B24C29C4F0064612E /* AppDelegate.h */,
				DC70D74C24C29C4F0064612E /* AppDelegate.m */,
				DC70D74E24C29C4F0064612E /* SceneDelegate.h */,
				DC70D74F24C29C4F0064612E /* SceneDelegate.m */,
				DC70D75124C29C4F0064612E /* ViewController.h */,
				DC70D75224C29C4F0064612E /* ViewController.m */,
				DC70D75424C29C4F0064612E /* Main.storyboard */,
				DC70D75724C29C540064612E /* Assets.xcassets */,
				DC70D75924C29C540064612E /* LaunchScreen.storyboard */,
				DC70D75C24C29C540064612E /* Info.plist */,
				DC70D75D24C29C540064612E /* main.m */,
			);
			path = CrashSafeTool;
			sourceTree = "<group>";
		};
		DC70D76624C29C540064612E /* CrashSafeToolTests */ = {
			isa = PBXGroup;
			children = (
				DC70D76724C29C540064612E /* CrashSafeToolTests.m */,
				DC70D76924C29C540064612E /* Info.plist */,
			);
			path = CrashSafeToolTests;
			sourceTree = "<group>";
		};
		DC70D77124C29C550064612E /* CrashSafeToolUITests */ = {
			isa = PBXGroup;
			children = (
				DC70D77224C29C550064612E /* CrashSafeToolUITests.m */,
				DC70D77424C29C550064612E /* Info.plist */,
			);
			path = CrashSafeToolUITests;
			sourceTree = "<group>";
		};
		DCED2EE924C6BFFA00D2810D /* Class */ = {
			isa = PBXGroup;
			children = (
				DCED2EEA24C6BFFA00D2810D /* UIView+HG_ExceptionProtector.h */,
				DCED2EEB24C6BFFA00D2810D /* NSSet+HG_ExceptionProtector.m */,
				DCED2EEC24C6BFFA00D2810D /* NSMutableString+HG_ExceptionProtector.m */,
				DCED2EED24C6BFFA00D2810D /* NSMutableSet+HG_ExceptionProtector.m */,
				DCED2EEE24C6BFFA00D2810D /* NSMutableArray+HG_ExceptionProtector.h */,
				DCED2EEF24C6BFFA00D2810D /* NSObject+HG_UnrecoginzedSelProtector.h */,
				DCED2EF024C6BFFA00D2810D /* NSDictionary+HG_ExceptionProtector.m */,
				DCED2EF124C6BFFA00D2810D /* NSObject+HG_DeallocBlock.h */,
				DCED2EF224C6BFFA00D2810D /* NSArray+HG_ExceptionProtector.m */,
				DCED2EF324C6BFFA00D2810D /* NSObject+HG_Swizzling.h */,
				DCED2EF424C6BFFA00D2810D /* NSMutableDictionary+HG_ExceptionProtector.m */,
				DCED2EF524C6BFFA00D2810D /* NSString+HG_ExceptionProtector.h */,
				DCED2EF624C6BFFA00D2810D /* HGExceptionProtectorManager.m */,
				DCED2EF724C6BFFA00D2810D /* NSSet+HG_ExceptionProtector.h */,
				DCED2EF824C6BFFA00D2810D /* UIView+HG_ExceptionProtector.m */,
				DCED2EF924C6BFFA00D2810D /* HG_CrashProtectorProtocol.h */,
				DCED2EFA24C6BFFA00D2810D /* NSObject+HG_DeallocBlock.m */,
				DCED2EFB24C6BFFA00D2810D /* NSDictionary+HG_ExceptionProtector.h */,
				DCED2EFC24C6BFFA00D2810D /* NSObject+HG_UnrecoginzedSelProtector.m */,
				DCED2EFD24C6BFFA00D2810D /* NSMutableArray+HG_ExceptionProtector.m */,
				DCED2EFE24C6BFFA00D2810D /* NSMutableSet+HG_ExceptionProtector.h */,
				DCED2EFF24C6BFFA00D2810D /* NSMutableString+HG_ExceptionProtector.h */,
				DCED2F0024C6BFFA00D2810D /* NSArray+HG_ExceptionProtector.h */,
				DCED2F0124C6BFFA00D2810D /* NSObject+HG_Swizzling.m */,
				DCED2F0224C6BFFA00D2810D /* HGExceptionProtectorManager.h */,
				DCED2F0324C6BFFA00D2810D /* NSMutableDictionary+HG_ExceptionProtector.h */,
				DCED2F0424C6BFFA00D2810D /* NSString+HG_ExceptionProtector.m */,
			);
			path = Class;
			sourceTree = "<group>";
		};
/* End PBXGroup section */

/* Begin PBXNativeTarget section */
		DC70D74724C29C4F0064612E /* CrashSafeTool */ = {
			isa = PBXNativeTarget;
			buildConfigurationList = DC70D77724C29C550064612E /* Build configuration list for PBXNativeTarget "CrashSafeTool" */;
			buildPhases = (
				DC70D74424C29C4F0064612E /* Sources */,
				DC70D74524C29C4F0064612E /* Frameworks */,
				DC70D74624C29C4F0064612E /* Resources */,
			);
			buildRules = (
			);
			dependencies = (
			);
			name = CrashSafeTool;
			productName = CrashSafeTool;
			productReference = DC70D74824C29C4F0064612E /* CrashSafeTool.app */;
			productType = "com.apple.product-type.application";
		};
		DC70D76224C29C540064612E /* CrashSafeToolTests */ = {
			isa = PBXNativeTarget;
			buildConfigurationList = DC70D77A24C29C550064612E /* Build configuration list for PBXNativeTarget "CrashSafeToolTests" */;
			buildPhases = (
				DC70D75F24C29C540064612E /* Sources */,
				DC70D76024C29C540064612E /* Frameworks */,
				DC70D76124C29C540064612E /* Resources */,
			);
			buildRules = (
			);
			dependencies = (
				DC70D76524C29C540064612E /* PBXTargetDependency */,
			);
			name = CrashSafeToolTests;
			productName = CrashSafeToolTests;
			productReference = DC70D76324C29C540064612E /* CrashSafeToolTests.xctest */;
			productType = "com.apple.product-type.bundle.unit-test";
		};
		DC70D76D24C29C550064612E /* CrashSafeToolUITests */ = {
			isa = PBXNativeTarget;
			buildConfigurationList = DC70D77D24C29C550064612E /* Build configuration list for PBXNativeTarget "CrashSafeToolUITests" */;
			buildPhases = (
				DC70D76A24C29C550064612E /* Sources */,
				DC70D76B24C29C550064612E /* Frameworks */,
				DC70D76C24C29C550064612E /* Resources */,
			);
			buildRules = (
			);
			dependencies = (
				DC70D77024C29C550064612E /* PBXTargetDependency */,
			);
			name = CrashSafeToolUITests;
			productName = CrashSafeToolUITests;
			productReference = DC70D76E24C29C550064612E /* CrashSafeToolUITests.xctest */;
			productType = "com.apple.product-type.bundle.ui-testing";
		};
/* End PBXNativeTarget section */

/* Begin PBXProject section */
		DC70D74024C29C4F0064612E /* Project object */ = {
			isa = PBXProject;
			attributes = {
				LastUpgradeCheck = 1150;
				ORGANIZATIONNAME = YX;
				TargetAttributes = {
					DC70D74724C29C4F0064612E = {
						CreatedOnToolsVersion = 11.5;
					};
					DC70D76224C29C540064612E = {
						CreatedOnToolsVersion = 11.5;
						TestTargetID = DC70D74724C29C4F0064612E;
					};
					DC70D76D24C29C550064612E = {
						CreatedOnToolsVersion = 11.5;
						TestTargetID = DC70D74724C29C4F0064612E;
					};
				};
			};
			buildConfigurationList = DC70D74324C29C4F0064612E /* Build configuration list for PBXProject "CrashSafeTool" */;
			compatibilityVersion = "Xcode 9.3";
			developmentRegion = en;
			hasScannedForEncodings = 0;
			knownRegions = (
				en,
				Base,
			);
			mainGroup = DC70D73F24C29C4F0064612E;
			productRefGroup = DC70D74924C29C4F0064612E /* Products */;
			projectDirPath = "";
			projectRoot = "";
			targets = (
				DC70D74724C29C4F0064612E /* CrashSafeTool */,
				DC70D76224C29C540064612E /* CrashSafeToolTests */,
				DC70D76D24C29C550064612E /* CrashSafeToolUITests */,
			);
		};
/* End PBXProject section */

/* Begin PBXResourcesBuildPhase section */
		DC70D74624C29C4F0064612E /* Resources */ = {
			isa = PBXResourcesBuildPhase;
			buildActionMask = 2147483647;
			files = (
				DC70D75B24C29C540064612E /* LaunchScreen.storyboard in Resources */,
				DC70D75824C29C540064612E /* Assets.xcassets in Resources */,
				DC70D75624C29C4F0064612E /* Main.storyboard in Resources */,
			);
			runOnlyForDeploymentPostprocessing = 0;
		};
		DC70D76124C29C540064612E /* Resources */ = {
			isa = PBXResourcesBuildPhase;
			buildActionMask = 2147483647;
			files = (
			);
			runOnlyForDeploymentPostprocessing = 0;
		};
		DC70D76C24C29C550064612E /* Resources */ = {
			isa = PBXResourcesBuildPhase;
			buildActionMask = 2147483647;
			files = (
			);
			runOnlyForDeploymentPostprocessing = 0;
		};
/* End PBXResourcesBuildPhase section */

/* Begin PBXSourcesBuildPhase section */
		DC70D74424C29C4F0064612E /* Sources */ = {
			isa = PBXSourcesBuildPhase;
			buildActionMask = 2147483647;
			files = (
				DCED2F0824C6BFFA00D2810D /* NSDictionary+HG_ExceptionProtector.m in Sources */,
				DCED2F0A24C6BFFA00D2810D /* NSMutableDictionary+HG_ExceptionProtector.m in Sources */,
				DC70D75324C29C4F0064612E /* ViewController.m in Sources */,
				DCED2F1124C6BFFA00D2810D /* NSString+HG_ExceptionProtector.m in Sources */,
				DCED2F0F24C6BFFA00D2810D /* NSMutableArray+HG_ExceptionProtector.m in Sources */,
				DCED2F1024C6BFFA00D2810D /* NSObject+HG_Swizzling.m in Sources */,
				DC70D74D24C29C4F0064612E /* AppDelegate.m in Sources */,
				DCED2F0C24C6BFFA00D2810D /* UIView+HG_ExceptionProtector.m in Sources */,
				DCED2F0B24C6BFFA00D2810D /* HGExceptionProtectorManager.m in Sources */,
				DCED2F0D24C6BFFA00D2810D /* NSObject+HG_DeallocBlock.m in Sources */,
				DCED2F0E24C6BFFA00D2810D /* NSObject+HG_UnrecoginzedSelProtector.m in Sources */,
				DCED2F0724C6BFFA00D2810D /* NSMutableSet+HG_ExceptionProtector.m in Sources */,
				DCED2F0924C6BFFA00D2810D /* NSArray+HG_ExceptionProtector.m in Sources */,
				DCED2F0524C6BFFA00D2810D /* NSSet+HG_ExceptionProtector.m in Sources */,
				DC70D75E24C29C540064612E /* main.m in Sources */,
				DCED2F0624C6BFFA00D2810D /* NSMutableString+HG_ExceptionProtector.m in Sources */,
				DC70D75024C29C4F0064612E /* SceneDelegate.m in Sources */,
			);
			runOnlyForDeploymentPostprocessing = 0;
		};
		DC70D75F24C29C540064612E /* Sources */ = {
			isa = PBXSourcesBuildPhase;
			buildActionMask = 2147483647;
			files = (
				DC70D76824C29C540064612E /* CrashSafeToolTests.m in Sources */,
			);
			runOnlyForDeploymentPostprocessing = 0;
		};
		DC70D76A24C29C550064612E /* Sources */ = {
			isa = PBXSourcesBuildPhase;
			buildActionMask = 2147483647;
			files = (
				DC70D77324C29C550064612E /* CrashSafeToolUITests.m in Sources */,
			);
			runOnlyForDeploymentPostprocessing = 0;
		};
/* End PBXSourcesBuildPhase section */

/* Begin PBXTargetDependency section */
		DC70D76524C29C540064612E /* PBXTargetDependency */ = {
			isa = PBXTargetDependency;
			target = DC70D74724C29C4F0064612E /* CrashSafeTool */;
			targetProxy = DC70D76424C29C540064612E /* PBXContainerItemProxy */;
		};
		DC70D77024C29C550064612E /* PBXTargetDependency */ = {
			isa = PBXTargetDependency;
			target = DC70D74724C29C4F0064612E /* CrashSafeTool */;
			targetProxy = DC70D76F24C29C550064612E /* PBXContainerItemProxy */;
		};
/* End PBXTargetDependency section */

/* Begin PBXVariantGroup section */
		DC70D75424C29C4F0064612E /* Main.storyboard */ = {
			isa = PBXVariantGroup;
			children = (
				DC70D75524C29C4F0064612E /* Base */,
			);
			name = Main.storyboard;
			sourceTree = "<group>";
		};
		DC70D75924C29C540064612E /* LaunchScreen.storyboard */ = {
			isa = PBXVariantGroup;
			children = (
				DC70D75A24C29C540064612E /* Base */,
			);
			name = LaunchScreen.storyboard;
			sourceTree = "<group>";
		};
/* End PBXVariantGroup section */

/* Begin XCBuildConfiguration section */
		DC70D77524C29C550064612E /* Debug */ = {
			isa = XCBuildConfiguration;
			buildSettings = {
				ALWAYS_SEARCH_USER_PATHS = NO;
				CLANG_ANALYZER_NONNULL = YES;
				CLANG_ANALYZER_NUMBER_OBJECT_CONVERSION = YES_AGGRESSIVE;
				CLANG_CXX_LANGUAGE_STANDARD = "gnu++14";
				CLANG_CXX_LIBRARY = "libc++";
				CLANG_ENABLE_MODULES = YES;
				CLANG_ENABLE_OBJC_ARC = YES;
				CLANG_ENABLE_OBJC_WEAK = YES;
				CLANG_WARN_BLOCK_CAPTURE_AUTORELEASING = YES;
				CLANG_WARN_BOOL_CONVERSION = YES;
				CLANG_WARN_COMMA = YES;
				CLANG_WARN_CONSTANT_CONVERSION = YES;
				CLANG_WARN_DEPRECATED_OBJC_IMPLEMENTATIONS = YES;
				CLANG_WARN_DIRECT_OBJC_ISA_USAGE = YES_ERROR;
				CLANG_WARN_DOCUMENTATION_COMMENTS = YES;
				CLANG_WARN_EMPTY_BODY = YES;
				CLANG_WARN_ENUM_CONVERSION = YES;
				CLANG_WARN_INFINITE_RECURSION = YES;
				CLANG_WARN_INT_CONVERSION = YES;
				CLANG_WARN_NON_LITERAL_NULL_CONVERSION = YES;
				CLANG_WARN_OBJC_IMPLICIT_RETAIN_SELF = YES;
				CLANG_WARN_OBJC_LITERAL_CONVERSION = YES;
				CLANG_WARN_OBJC_ROOT_CLASS = YES_ERROR;
				CLANG_WARN_RANGE_LOOP_ANALYSIS = YES;
				CLANG_WARN_STRICT_PROTOTYPES = YES;
				CLANG_WARN_SUSPICIOUS_MOVE = YES;
				CLANG_WARN_UNGUARDED_AVAILABILITY = YES_AGGRESSIVE;
				CLANG_WARN_UNREACHABLE_CODE = YES;
				CLANG_WARN__DUPLICATE_METHOD_MATCH = YES;
				COPY_PHASE_STRIP = NO;
				DEBUG_INFORMATION_FORMAT = dwarf;
				ENABLE_STRICT_OBJC_MSGSEND = YES;
				ENABLE_TESTABILITY = YES;
				GCC_C_LANGUAGE_STANDARD = gnu11;
				GCC_DYNAMIC_NO_PIC = NO;
				GCC_NO_COMMON_BLOCKS = YES;
				GCC_OPTIMIZATION_LEVEL = 0;
				GCC_PREPROCESSOR_DEFINITIONS = (
					"DEBUG=1",
					"$(inherited)",
				);
				GCC_WARN_64_TO_32_BIT_CONVERSION = YES;
				GCC_WARN_ABOUT_RETURN_TYPE = YES_ERROR;
				GCC_WARN_UNDECLARED_SELECTOR = YES;
				GCC_WARN_UNINITIALIZED_AUTOS = YES_AGGRESSIVE;
				GCC_WARN_UNUSED_FUNCTION = YES;
				GCC_WARN_UNUSED_VARIABLE = YES;
				IPHONEOS_DEPLOYMENT_TARGET = 13.5;
				MTL_ENABLE_DEBUG_INFO = INCLUDE_SOURCE;
				MTL_FAST_MATH = YES;
				ONLY_ACTIVE_ARCH = YES;
				SDKROOT = iphoneos;
			};
			name = Debug;
		};
		DC70D77624C29C550064612E /* Release */ = {
			isa = XCBuildConfiguration;
			buildSettings = {
				ALWAYS_SEARCH_USER_PATHS = NO;
				CLANG_ANALYZER_NONNULL = YES;
				CLANG_ANALYZER_NUMBER_OBJECT_CONVERSION = YES_AGGRESSIVE;
				CLANG_CXX_LANGUAGE_STANDARD = "gnu++14";
				CLANG_CXX_LIBRARY = "libc++";
				CLANG_ENABLE_MODULES = YES;
				CLANG_ENABLE_OBJC_ARC = YES;
				CLANG_ENABLE_OBJC_WEAK = YES;
				CLANG_WARN_BLOCK_CAPTURE_AUTORELEASING = YES;
				CLANG_WARN_BOOL_CONVERSION = YES;
				CLANG_WARN_COMMA = YES;
				CLANG_WARN_CONSTANT_CONVERSION = YES;
				CLANG_WARN_DEPRECATED_OBJC_IMPLEMENTATIONS = YES;
				CLANG_WARN_DIRECT_OBJC_ISA_USAGE = YES_ERROR;
				CLANG_WARN_DOCUMENTATION_COMMENTS = YES;
				CLANG_WARN_EMPTY_BODY = YES;
				CLANG_WARN_ENUM_CONVERSION = YES;
				CLANG_WARN_INFINITE_RECURSION = YES;
				CLANG_WARN_INT_CONVERSION = YES;
				CLANG_WARN_NON_LITERAL_NULL_CONVERSION = YES;
				CLANG_WARN_OBJC_IMPLICIT_RETAIN_SELF = YES;
				CLANG_WARN_OBJC_LITERAL_CONVERSION = YES;
				CLANG_WARN_OBJC_ROOT_CLASS = YES_ERROR;
				CLANG_WARN_RANGE_LOOP_ANALYSIS = YES;
				CLANG_WARN_STRICT_PROTOTYPES = YES;
				CLANG_WARN_SUSPICIOUS_MOVE = YES;
				CLANG_WARN_UNGUARDED_AVAILABILITY = YES_AGGRESSIVE;
				CLANG_WARN_UNREACHABLE_CODE = YES;
				CLANG_WARN__DUPLICATE_METHOD_MATCH = YES;
				COPY_PHASE_STRIP = NO;
				DEBUG_INFORMATION_FORMAT = "dwarf-with-dsym";
				ENABLE_NS_ASSERTIONS = NO;
				ENABLE_STRICT_OBJC_MSGSEND = YES;
				GCC_C_LANGUAGE_STANDARD = gnu11;
				GCC_NO_COMMON_BLOCKS = YES;
				GCC_WARN_64_TO_32_BIT_CONVERSION = YES;
				GCC_WARN_ABOUT_RETURN_TYPE = YES_ERROR;
				GCC_WARN_UNDECLARED_SELECTOR = YES;
				GCC_WARN_UNINITIALIZED_AUTOS = YES_AGGRESSIVE;
				GCC_WARN_UNUSED_FUNCTION = YES;
				GCC_WARN_UNUSED_VARIABLE = YES;
				IPHONEOS_DEPLOYMENT_TARGET = 13.5;
				MTL_ENABLE_DEBUG_INFO = NO;
				MTL_FAST_MATH = YES;
				SDKROOT = iphoneos;
				VALIDATE_PRODUCT = YES;
			};
			name = Release;
		};
		DC70D77824C29C550064612E /* Debug */ = {
			isa = XCBuildConfiguration;
			buildSettings = {
				ASSETCATALOG_COMPILER_APPICON_NAME = AppIcon;
				CODE_SIGN_STYLE = Automatic;
				INFOPLIST_FILE = CrashSafeTool/Info.plist;
				LD_RUNPATH_SEARCH_PATHS = (
					"$(inherited)",
					"@executable_path/Frameworks",
				);
				PRODUCT_BUNDLE_IDENTIFIER = YX.CrashSafeTool;
				PRODUCT_NAME = "$(TARGET_NAME)";
				TARGETED_DEVICE_FAMILY = "1,2";
			};
			name = Debug;
		};
		DC70D77924C29C550064612E /* Release */ = {
			isa = XCBuildConfiguration;
			buildSettings = {
				ASSETCATALOG_COMPILER_APPICON_NAME = AppIcon;
				CODE_SIGN_STYLE = Automatic;
				INFOPLIST_FILE = CrashSafeTool/Info.plist;
				LD_RUNPATH_SEARCH_PATHS = (
					"$(inherited)",
					"@executable_path/Frameworks",
				);
				PRODUCT_BUNDLE_IDENTIFIER = YX.CrashSafeTool;
				PRODUCT_NAME = "$(TARGET_NAME)";
				TARGETED_DEVICE_FAMILY = "1,2";
			};
			name = Release;
		};
		DC70D77B24C29C550064612E /* Debug */ = {
			isa = XCBuildConfiguration;
			buildSettings = {
				BUNDLE_LOADER = "$(TEST_HOST)";
				CODE_SIGN_STYLE = Automatic;
				INFOPLIST_FILE = CrashSafeToolTests/Info.plist;
				IPHONEOS_DEPLOYMENT_TARGET = 13.5;
				LD_RUNPATH_SEARCH_PATHS = (
					"$(inherited)",
					"@executable_path/Frameworks",
					"@loader_path/Frameworks",
				);
				PRODUCT_BUNDLE_IDENTIFIER = YX.CrashSafeToolTests;
				PRODUCT_NAME = "$(TARGET_NAME)";
				TARGETED_DEVICE_FAMILY = "1,2";
				TEST_HOST = "$(BUILT_PRODUCTS_DIR)/CrashSafeTool.app/CrashSafeTool";
			};
			name = Debug;
		};
		DC70D77C24C29C550064612E /* Release */ = {
			isa = XCBuildConfiguration;
			buildSettings = {
				BUNDLE_LOADER = "$(TEST_HOST)";
				CODE_SIGN_STYLE = Automatic;
				INFOPLIST_FILE = CrashSafeToolTests/Info.plist;
				IPHONEOS_DEPLOYMENT_TARGET = 13.5;
				LD_RUNPATH_SEARCH_PATHS = (
					"$(inherited)",
					"@executable_path/Frameworks",
					"@loader_path/Frameworks",
				);
				PRODUCT_BUNDLE_IDENTIFIER = YX.CrashSafeToolTests;
				PRODUCT_NAME = "$(TARGET_NAME)";
				TARGETED_DEVICE_FAMILY = "1,2";
				TEST_HOST = "$(BUILT_PRODUCTS_DIR)/CrashSafeTool.app/CrashSafeTool";
			};
			name = Release;
		};
		DC70D77E24C29C550064612E /* Debug */ = {
			isa = XCBuildConfiguration;
			buildSettings = {
				CODE_SIGN_STYLE = Automatic;
				INFOPLIST_FILE = CrashSafeToolUITests/Info.plist;
				LD_RUNPATH_SEARCH_PATHS = (
					"$(inherited)",
					"@executable_path/Frameworks",
					"@loader_path/Frameworks",
				);
				PRODUCT_BUNDLE_IDENTIFIER = YX.CrashSafeToolUITests;
				PRODUCT_NAME = "$(TARGET_NAME)";
				TARGETED_DEVICE_FAMILY = "1,2";
				TEST_TARGET_NAME = CrashSafeTool;
			};
			name = Debug;
		};
		DC70D77F24C29C550064612E /* Release */ = {
			isa = XCBuildConfiguration;
			buildSettings = {
				CODE_SIGN_STYLE = Automatic;
				INFOPLIST_FILE = CrashSafeToolUITests/Info.plist;
				LD_RUNPATH_SEARCH_PATHS = (
					"$(inherited)",
					"@executable_path/Frameworks",
					"@loader_path/Frameworks",
				);
				PRODUCT_BUNDLE_IDENTIFIER = YX.CrashSafeToolUITests;
				PRODUCT_NAME = "$(TARGET_NAME)";
				TARGETED_DEVICE_FAMILY = "1,2";
				TEST_TARGET_NAME = CrashSafeTool;
			};
			name = Release;
		};
/* End XCBuildConfiguration section */

/* Begin XCConfigurationList section */
		DC70D74324C29C4F0064612E /* Build configuration list for PBXProject "CrashSafeTool" */ = {
			isa = XCConfigurationList;
			buildConfigurations = (
				DC70D77524C29C550064612E /* Debug */,
				DC70D77624C29C550064612E /* Release */,
			);
			defaultConfigurationIsVisible = 0;
			defaultConfigurationName = Release;
		};
		DC70D77724C29C550064612E /* Build configuration list for PBXNativeTarget "CrashSafeTool" */ = {
			isa = XCConfigurationList;
			buildConfigurations = (
				DC70D77824C29C550064612E /* Debug */,
				DC70D77924C29C550064612E /* Release */,
			);
			defaultConfigurationIsVisible = 0;
			defaultConfigurationName = Release;
		};
		DC70D77A24C29C550064612E /* Build configuration list for PBXNativeTarget "CrashSafeToolTests" */ = {
			isa = XCConfigurationList;
			buildConfigurations = (
				DC70D77B24C29C550064612E /* Debug */,
				DC70D77C24C29C550064612E /* Release */,
			);
			defaultConfigurationIsVisible = 0;
			defaultConfigurationName = Release;
		};
		DC70D77D24C29C550064612E /* Build configuration list for PBXNativeTarget "CrashSafeToolUITests" */ = {
			isa = XCConfigurationList;
			buildConfigurations = (
				DC70D77E24C29C550064612E /* Debug */,
				DC70D77F24C29C550064612E /* Release */,
			);
			defaultConfigurationIsVisible = 0;
			defaultConfigurationName = Release;
		};
/* End XCConfigurationList section */
	};
	rootObject = DC70D74024C29C4F0064612E /* Project object */;
}
